
Microsoft Visual Studio Solution File, Format Version 12.00
# Visual Studio Version 17
VisualStudioVersion = 17.11.35222.181
MinimumVisualStudioVersion = 10.0.40219.1
Project("{FAE04EC0-301F-11D3-BF4B-00C04F79EFBC}") = "CrearNurevoForms", "CrearNurevoForms.csproj", "{D4881C56-61F2-42F3-9E08-75700839F229}"
EndProject
Global
	GlobalSection(SolutionConfigurationPlatforms) = preSolution
		Debug|Any CPU = Debug|Any CPU
		Release|Any CPU = Release|Any CPU
	EndGlobalSection
	GlobalSection(ProjectConfigurationPlatforms) = postSolution
		{D4881C56-61F2-42F3-9E08-75700839F229}.Debug|Any CPU.ActiveCfg = Debug|Any CPU
		{D4881C56-61F2-42F3-9E08-75700839F229}.Debug|Any CPU.Build.0 = Debug|Any CPU
		{D4881C56-61F2-42F3-9E08-75700839F229}.Release|Any CPU.ActiveCfg = Release|Any CPU
		{D4881C56-61F2-42F3-9E08-75700839F229}.Release|Any CPU.Build.0 = Release|Any CPU
	EndGlobalSection
	GlobalSection(SolutionProperties) = preSolution
		HideSolutionNode = FALSE
	EndGlobalSection
	GlobalSection(ExtensibilityGlobals) = postSolution
		SolutionGuid = {D88C7971-6368-419E-8FD4-6E820F4898D8}
	EndGlobalSection
EndGlobal
